{
  "name": "yjb",
  "version": "1.0.0",
  "lockfileVersion": 1,
  "requires": true,
  "dependencies": {
    "echarts": {
      "version": "5.0.2",
      "resolved": "https://registry.npmjs.org/echarts/-/echarts-5.0.2.tgz",
      "integrity": "sha512-En0VYpc96nw2/2AZoBWPHsGi471zMublttj50kfFpYAeR4geup0Tj9iVgEXh7QYZFPnRiruDJEjcB5PXZ+BYzQ==",
      "requires": {
        "tslib": "2.0.3",
        "zrender": "5.0.4"
      }
    },
    "luch-request": {
      "version": "3.0.4",
      "resolved": "https://registry.npm.taobao.org/luch-request/download/luch-request-3.0.4.tgz",
      "integrity": "sha1-XXExRKa/Abl7gSEv9tLAKFXaEcw="
    },
    "moment": {
      "version": "2.29.1",
      "resolved": "https://registry.npm.taobao.org/moment/download/moment-2.29.1.tgz?cache=0&sync_timestamp=1601983320283&other_urls=https%3A%2F%2Fregistry.npm.taobao.org%2Fmoment%2Fdownload%2Fmoment-2.29.1.tgz",
      "integrity": "sha1-sr52n6MZQL6e7qZGnAdeNQBvo9M="
    },
    "mpvue-echarts": {
      "version": "0.3.2",
      "resolved": "https://registry.npmjs.org/mpvue-echarts/-/mpvue-echarts-0.3.2.tgz",
      "integrity": "sha512-KULGS1DOMNhXu3nBkBv6BtmnqjyHLc+2Dur7eW+2s2aic1NCOygglCMmAmMEU6/TGSR67ttFA2NYxXPUYbNhWQ=="
    },
    "tslib": {
      "version": "2.0.3",
      "resolved": "https://registry.npmjs.org/tslib/-/tslib-2.0.3.tgz",
      "integrity": "sha512-uZtkfKblCEQtZKBF6EBXVZeQNl82yqtDQdv+eck8u7tdPxjLu2/lp5/uPW+um2tpuxINHWy3GhiccY7QgEaVHQ=="
    },
    "uview-ui": {
      "version": "1.7.6",
      "resolved": "https://registry.npm.taobao.org/uview-ui/download/uview-ui-1.7.6.tgz",
      "integrity": "sha1-UQEstC1GV22CiunyvmyE3IpsM6Y="
    },
    "zrender": {
      "version": "5.0.4",
      "resolved": "https://registry.npmjs.org/zrender/-/zrender-5.0.4.tgz",
      "integrity": "sha512-DJpy0yrHYY5CuH6vhb9IINWbjvBUe/56J8aH86Jb7O8rRPAYZ3M2E469Qf5B3EOIfM3o3aUrO5edRQfLJ+l1Qw==",
      "requires": {
        "tslib": "2.0.3"
      }
    }
  }
}
